// !$*UTF8*$!
{
	archiveVersion = 1;
	classes = {
	};
	objectVersion = 55;
	objects = {

/* Begin PBXBuildFile section */
		74D4E231271FD8AE0062C3C7 /* SlideOutMenuApp.swift in Sources */ = {isa = PBXBuildFile; fileRef = 74D4E230271FD8AE0062C3C7 /* SlideOutMenuApp.swift */; };
		74D4E233271FD8AE0062C3C7 /* ContentView.swift in Sources */ = {isa = PBXBuildFile; fileRef = 74D4E232271FD8AE0062C3C7 /* ContentView.swift */; };
		74D4E235271FD8B30062C3C7 /* Assets.xcassets in Resources */ = {isa = PBXBuildFile; fileRef = 74D4E234271FD8B30062C3C7 /* Assets.xcassets */; };
		74D4E238271FD8B30062C3C7 /* Preview Assets.xcassets in Resources */ = {isa = PBXBuildFile; fileRef = 74D4E237271FD8B30062C3C7 /* Preview Assets.xcassets */; };
		74D4E242271FD8B40062C3C7 /* SlideOutMenuTests.swift in Sources */ = {isa = PBXBuildFile; fileRef = 74D4E241271FD8B40062C3C7 /* SlideOutMenuTests.swift */; };
		74D4E24C271FD8B40062C3C7 /* SlideOutMenuUITests.swift in Sources */ = {isa = PBXBuildFile; fileRef = 74D4E24B271FD8B40062C3C7 /* SlideOutMenuUITests.swift */; };
		74D4E24E271FD8B40062C3C7 /* SlideOutMenuUITestsLaunchTests.swift in Sources */ = {isa = PBXBuildFile; fileRef = 74D4E24D271FD8B40062C3C7 /* SlideOutMenuUITestsLaunchTests.swift */; };
		74D4E25D271FDE380062C3C7 /* Home.swift in Sources */ = {isa = PBXBuildFile; fileRef = 74D4E25C271FDE380062C3C7 /* Home.swift */; };
		74D4E25F271FE3000062C3C7 /* Story.swift in Sources */ = {isa = PBXBuildFile; fileRef = 74D4E25E271FE3000062C3C7 /* Story.swift */; };
		74D4E26127200D160062C3C7 /* MenuView.swift in Sources */ = {isa = PBXBuildFile; fileRef = 74D4E26027200D160062C3C7 /* MenuView.swift */; };
		74D4E26327200DA40062C3C7 /* BlurView.swift in Sources */ = {isa = PBXBuildFile; fileRef = 74D4E26227200DA40062C3C7 /* BlurView.swift */; };
/* End PBXBuildFile section */

/* Begin PBXContainerItemProxy section */
		74D4E23E271FD8B40062C3C7 /* PBXContainerItemProxy */ = {
			isa = PBXContainerItemProxy;
			containerPortal = 74D4E225271FD8AE0062C3C7 /* Project object */;
			proxyType = 1;
			remoteGlobalIDString = 74D4E22C271FD8AE0062C3C7;
			remoteInfo = SlideOutMenu;
		};
		74D4E248271FD8B40062C3C7 /* PBXContainerItemProxy */ = {
			isa = PBXContainerItemProxy;
			containerPortal = 74D4E225271FD8AE0062C3C7 /* Project object */;
			proxyType = 1;
			remoteGlobalIDString = 74D4E22C271FD8AE0062C3C7;
			remoteInfo = SlideOutMenu;
		};
/* End PBXContainerItemProxy section */

/* Begin PBXFileReference section */
		74D4E22D271FD8AE0062C3C7 /* SlideOutMenu.app */ = {isa = PBXFileReference; explicitFileType = wrapper.application; includeInIndex = 0; path = SlideOutMenu.app; sourceTree = BUILT_PRODUCTS_DIR; };
		74D4E230271FD8AE0062C3C7 /* SlideOutMenuApp.swift */ = {isa = PBXFileReference; lastKnownFileType = sourcecode.swift; path = SlideOutMenuApp.swift; sourceTree = "<group>"; };
		74D4E232271FD8AE0062C3C7 /* ContentView.swift */ = {isa = PBXFileReference; lastKnownFileType = sourcecode.swift; path = ContentView.swift; sourceTree = "<group>"; };
		74D4E234271FD8B30062C3C7 /* Assets.xcassets */ = {isa = PBXFileReference; lastKnownFileType = folder.assetcatalog; path = Assets.xcassets; sourceTree = "<group>"; };
		74D4E237271FD8B30062C3C7 /* Preview Assets.xcassets */ = {isa = PBXFileReference; lastKnownFileType = folder.assetcatalog; path = "Preview Assets.xcassets"; sourceTree = "<group>"; };
		74D4E23D271FD8B30062C3C7 /* SlideOutMenuTests.xctest */ = {isa = PBXFileReference; explicitFileType = wrapper.cfbundle; includeInIndex = 0; path = SlideOutMenuTests.xctest; sourceTree = BUILT_PRODUCTS_DIR; };
		74D4E241271FD8B40062C3C7 /* SlideOutMenuTests.swift */ = {isa = PBXFileReference; lastKnownFileType = sourcecode.swift; path = SlideOutMenuTests.swift; sourceTree = "<group>"; };
		74D4E247271FD8B40062C3C7 /* SlideOutMenuUITests.xctest */ = {isa = PBXFileReference; explicitFileType = wrapper.cfbundle; includeInIndex = 0; path = SlideOutMenuUITests.xctest; sourceTree = BUILT_PRODUCTS_DIR; };
		74D4E24B271FD8B40062C3C7 /* SlideOutMenuUITests.swift */ = {isa = PBXFileReference; lastKnownFileType = sourcecode.swift; path = SlideOutMenuUITests.swift; sourceTree = "<group>"; };
		74D4E24D271FD8B40062C3C7 /* SlideOutMenuUITestsLaunchTests.swift */ = {isa = PBXFileReference; lastKnownFileType = sourcecode.swift; path = SlideOutMenuUITestsLaunchTests.swift; sourceTree = "<group>"; };
		74D4E25C271FDE380062C3C7 /* Home.swift */ = {isa = PBXFileReference; lastKnownFileType = sourcecode.swift; path = Home.swift; sourceTree = "<group>"; };
		74D4E25E271FE3000062C3C7 /* Story.swift */ = {isa = PBXFileReference; lastKnownFileType = sourcecode.swift; path = Story.swift; sourceTree = "<group>"; };
		74D4E26027200D160062C3C7 /* MenuView.swift */ = {isa = PBXFileReference; lastKnownFileType = sourcecode.swift; path = MenuView.swift; sourceTree = "<group>"; };
		74D4E26227200DA40062C3C7 /* BlurView.swift */ = {isa = PBXFileReference; lastKnownFileType = sourcecode.swift; path = BlurView.swift; sourceTree = "<group>"; };
/* End PBXFileReference section */

/* Begin PBXFrameworksBuildPhase section */
		74D4E22A271FD8AE0062C3C7 /* Frameworks */ = {
			isa = PBXFrameworksBuildPhase;
			buildActionMask = 2147483647;
			files = (
			);
			runOnlyForDeploymentPostprocessing = 0;
		};
		74D4E23A271FD8B30062C3C7 /* Frameworks */ = {
			isa = PBXFrameworksBuildPhase;
			buildActionMask = 2147483647;
			files = (
			);
			runOnlyForDeploymentPostprocessing = 0;
		};
		74D4E244271FD8B40062C3C7 /* Frameworks */ = {
			isa = PBXFrameworksBuildPhase;
			buildActionMask = 2147483647;
			files = (
			);
			runOnlyForDeploymentPostprocessing = 0;
		};
/* End PBXFrameworksBuildPhase section */

/* Begin PBXGroup section */
		74D4E224271FD8AE0062C3C7 = {
			isa = PBXGroup;
			children = (
				74D4E22F271FD8AE0062C3C7 /* SlideOutMenu */,
				74D4E240271FD8B40062C3C7 /* SlideOutMenuTests */,
				74D4E24A271FD8B40062C3C7 /* SlideOutMenuUITests */,
				74D4E22E271FD8AE0062C3C7 /* Products */,
			);
			sourceTree = "<group>";
		};
		74D4E22E271FD8AE0062C3C7 /* Products */ = {
			isa = PBXGroup;
			children = (
				74D4E22D271FD8AE0062C3C7 /* SlideOutMenu.app */,
				74D4E23D271FD8B30062C3C7 /* SlideOutMenuTests.xctest */,
				74D4E247271FD8B40062C3C7 /* SlideOutMenuUITests.xctest */,
			);
			name = Products;
			sourceTree = "<group>";
		};
		74D4E22F271FD8AE0062C3C7 /* SlideOutMenu */ = {
			isa = PBXGroup;
			children = (
				74D4E25B271FDE150062C3C7 /* Model */,
				74D4E25A271FDE0E0062C3C7 /* View */,
				74D4E230271FD8AE0062C3C7 /* SlideOutMenuApp.swift */,
				74D4E232271FD8AE0062C3C7 /* ContentView.swift */,
				74D4E234271FD8B30062C3C7 /* Assets.xcassets */,
				74D4E236271FD8B30062C3C7 /* Preview Content */,
			);
			path = SlideOutMenu;
			sourceTree = "<group>";
		};
		74D4E236271FD8B30062C3C7 /* Preview Content */ = {
			isa = PBXGroup;
			children = (
				74D4E237271FD8B30062C3C7 /* Preview Assets.xcassets */,
			);
			path = "Preview Content";
			sourceTree = "<group>";
		};
		74D4E240271FD8B40062C3C7 /* SlideOutMenuTests */ = {
			isa = PBXGroup;
			children = (
				74D4E241271FD8B40062C3C7 /* SlideOutMenuTests.swift */,
			);
			path = SlideOutMenuTests;
			sourceTree = "<group>";
		};
		74D4E24A271FD8B40062C3C7 /* SlideOutMenuUITests */ = {
			isa = PBXGroup;
			children = (
				74D4E24B271FD8B40062C3C7 /* SlideOutMenuUITests.swift */,
				74D4E24D271FD8B40062C3C7 /* SlideOutMenuUITestsLaunchTests.swift */,
			);
			path = SlideOutMenuUITests;
			sourceTree = "<group>";
		};
		74D4E25A271FDE0E0062C3C7 /* View */ = {
			isa = PBXGroup;
			children = (
				74D4E25C271FDE380062C3C7 /* Home.swift */,
				74D4E26027200D160062C3C7 /* MenuView.swift */,
				74D4E26227200DA40062C3C7 /* BlurView.swift */,
			);
			path = View;
			sourceTree = "<group>";
		};
		74D4E25B271FDE150062C3C7 /* Model */ = {
			isa = PBXGroup;
			children = (
				74D4E25E271FE3000062C3C7 /* Story.swift */,
			);
			path = Model;
			sourceTree = "<group>";
		};
/* End PBXGroup section */

/* Begin PBXNativeTarget section */
		74D4E22C271FD8AE0062C3C7 /* SlideOutMenu */ = {
			isa = PBXNativeTarget;
			buildConfigurationList = 74D4E251271FD8B40062C3C7 /* Build configuration list for PBXNativeTarget "SlideOutMenu" */;
			buildPhases = (
				74D4E229271FD8AE0062C3C7 /* Sources */,
				74D4E22A271FD8AE0062C3C7 /* Frameworks */,
				74D4E22B271FD8AE0062C3C7 /* Resources */,
			);
			buildRules = (
			);
			dependencies = (
			);
			name = SlideOutMenu;
			productName = SlideOutMenu;
			productReference = 74D4E22D271FD8AE0062C3C7 /* SlideOutMenu.app */;
			productType = "com.apple.product-type.application";
		};
		74D4E23C271FD8B30062C3C7 /* SlideOutMenuTests */ = {
			isa = PBXNativeTarget;
			buildConfigurationList = 74D4E254271FD8B40062C3C7 /* Build configuration list for PBXNativeTarget "SlideOutMenuTests" */;
			buildPhases = (
				74D4E239271FD8B30062C3C7 /* Sources */,
				74D4E23A271FD8B30062C3C7 /* Frameworks */,
				74D4E23B271FD8B30062C3C7 /* Resources */,
			);
			buildRules = (
			);
			dependencies = (
				74D4E23F271FD8B40062C3C7 /* PBXTargetDependency */,
			);
			name = SlideOutMenuTests;
			productName = SlideOutMenuTests;
			productReference = 74D4E23D271FD8B30062C3C7 /* SlideOutMenuTests.xctest */;
			productType = "com.apple.product-type.bundle.unit-test";
		};
		74D4E246271FD8B40062C3C7 /* SlideOutMenuUITests */ = {
			isa = PBXNativeTarget;
			buildConfigurationList = 74D4E257271FD8B40062C3C7 /* Build configuration list for PBXNativeTarget "SlideOutMenuUITests" */;
			buildPhases = (
				74D4E243271FD8B40062C3C7 /* Sources */,
				74D4E244271FD8B40062C3C7 /* Frameworks */,
				74D4E245271FD8B40062C3C7 /* Resources */,
			);
			buildRules = (
			);
			dependencies = (
				74D4E249271FD8B40062C3C7 /* PBXTargetDependency */,
			);
			name = SlideOutMenuUITests;
			productName = SlideOutMenuUITests;
			productReference = 74D4E247271FD8B40062C3C7 /* SlideOutMenuUITests.xctest */;
			productType = "com.apple.product-type.bundle.ui-testing";
		};
/* End PBXNativeTarget section */

/* Begin PBXProject section */
		74D4E225271FD8AE0062C3C7 /* Project object */ = {
			isa = PBXProject;
			attributes = {
				BuildIndependentTargetsInParallel = 1;
				LastSwiftUpdateCheck = 1300;
				LastUpgradeCheck = 1300;
				TargetAttributes = {
					74D4E22C271FD8AE0062C3C7 = {
						CreatedOnToolsVersion = 13.0;
					};
					74D4E23C271FD8B30062C3C7 = {
						CreatedOnToolsVersion = 13.0;
						TestTargetID = 74D4E22C271FD8AE0062C3C7;
					};
					74D4E246271FD8B40062C3C7 = {
						CreatedOnToolsVersion = 13.0;
						TestTargetID = 74D4E22C271FD8AE0062C3C7;
					};
				};
			};
			buildConfigurationList = 74D4E228271FD8AE0062C3C7 /* Build configuration list for PBXProject "SlideOutMenu" */;
			compatibilityVersion = "Xcode 13.0";
			developmentRegion = en;
			hasScannedForEncodings = 0;
			knownRegions = (
				en,
				Base,
			);
			mainGroup = 74D4E224271FD8AE0062C3C7;
			productRefGroup = 74D4E22E271FD8AE0062C3C7 /* Products */;
			projectDirPath = "";
			projectRoot = "";
			targets = (
				74D4E22C271FD8AE0062C3C7 /* SlideOutMenu */,
				74D4E23C271FD8B30062C3C7 /* SlideOutMenuTests */,
				74D4E246271FD8B40062C3C7 /* SlideOutMenuUITests */,
			);
		};
/* End PBXProject section */

/* Begin PBXResourcesBuildPhase section */
		74D4E22B271FD8AE0062C3C7 /* Resources */ = {
			isa = PBXResourcesBuildPhase;
			buildActionMask = 2147483647;
			files = (
				74D4E238271FD8B30062C3C7 /* Preview Assets.xcassets in Resources */,
				74D4E235271FD8B30062C3C7 /* Assets.xcassets in Resources */,
			);
			runOnlyForDeploymentPostprocessing = 0;
		};
		74D4E23B271FD8B30062C3C7 /* Resources */ = {
			isa = PBXResourcesBuildPhase;
			buildActionMask = 2147483647;
			files = (
			);
			runOnlyForDeploymentPostprocessing = 0;
		};
		74D4E245271FD8B40062C3C7 /* Resources */ = {
			isa = PBXResourcesBuildPhase;
			buildActionMask = 2147483647;
			files = (
			);
			runOnlyForDeploymentPostprocessing = 0;
		};
/* End PBXResourcesBuildPhase section */

/* Begin PBXSourcesBuildPhase section */
		74D4E229271FD8AE0062C3C7 /* Sources */ = {
			isa = PBXSourcesBuildPhase;
			buildActionMask = 2147483647;
			files = (
				74D4E26127200D160062C3C7 /* MenuView.swift in Sources */,
				74D4E233271FD8AE0062C3C7 /* ContentView.swift in Sources */,
				74D4E25D271FDE380062C3C7 /* Home.swift in Sources */,
				74D4E231271FD8AE0062C3C7 /* SlideOutMenuApp.swift in Sources */,
				74D4E25F271FE3000062C3C7 /* Story.swift in Sources */,
				74D4E26327200DA40062C3C7 /* BlurView.swift in Sources */,
			);
			runOnlyForDeploymentPostprocessing = 0;
		};
		74D4E239271FD8B30062C3C7 /* Sources */ = {
			isa = PBXSourcesBuildPhase;
			buildActionMask = 2147483647;
			files = (
				74D4E242271FD8B40062C3C7 /* SlideOutMenuTests.swift in Sources */,
			);
			runOnlyForDeploymentPostprocessing = 0;
		};
		74D4E243271FD8B40062C3C7 /* Sources */ = {
			isa = PBXSourcesBuildPhase;
			buildActionMask = 2147483647;
			files = (
				74D4E24E271FD8B40062C3C7 /* SlideOutMenuUITestsLaunchTests.swift in Sources */,
				74D4E24C271FD8B40062C3C7 /* SlideOutMenuUITests.swift in Sources */,
			);
			runOnlyForDeploymentPostprocessing = 0;
		};
/* End PBXSourcesBuildPhase section */

/* Begin PBXTargetDependency section */
		74D4E23F271FD8B40062C3C7 /* PBXTargetDependency */ = {
			isa = PBXTargetDependency;
			target = 74D4E22C271FD8AE0062C3C7 /* SlideOutMenu */;
			targetProxy = 74D4E23E271FD8B40062C3C7 /* PBXContainerItemProxy */;
		};
		74D4E249271FD8B40062C3C7 /* PBXTargetDependency */ = {
			isa = PBXTargetDependency;
			target = 74D4E22C271FD8AE0062C3C7 /* SlideOutMenu */;
			targetProxy = 74D4E248271FD8B40062C3C7 /* PBXContainerItemProxy */;
		};
/* End PBXTargetDependency section */

/* Begin XCBuildConfiguration section */
		74D4E24F271FD8B40062C3C7 /* Debug */ = {
			isa = XCBuildConfiguration;
			buildSettings = {
				ALWAYS_SEARCH_USER_PATHS = NO;
				CLANG_ANALYZER_NONNULL = YES;
				CLANG_ANALYZER_NUMBER_OBJECT_CONVERSION = YES_AGGRESSIVE;
				CLANG_CXX_LANGUAGE_STANDARD = "gnu++17";
				CLANG_CXX_LIBRARY = "libc++";
				CLANG_ENABLE_MODULES = YES;
				CLANG_ENABLE_OBJC_ARC = YES;
				CLANG_ENABLE_OBJC_WEAK = YES;
				CLANG_WARN_BLOCK_CAPTURE_AUTORELEASING = YES;
				CLANG_WARN_BOOL_CONVERSION = YES;
				CLANG_WARN_COMMA = YES;
				CLANG_WARN_CONSTANT_CONVERSION = YES;
				CLANG_WARN_DEPRECATED_OBJC_IMPLEMENTATIONS = YES;
				CLANG_WARN_DIRECT_OBJC_ISA_USAGE = YES_ERROR;
				CLANG_WARN_DOCUMENTATION_COMMENTS = YES;
				CLANG_WARN_EMPTY_BODY = YES;
				CLANG_WARN_ENUM_CONVERSION = YES;
				CLANG_WARN_INFINITE_RECURSION = YES;
				CLANG_WARN_INT_CONVERSION = YES;
				CLANG_WARN_NON_LITERAL_NULL_CONVERSION = YES;
				CLANG_WARN_OBJC_IMPLICIT_RETAIN_SELF = YES;
				CLANG_WARN_OBJC_LITERAL_CONVERSION = YES;
				CLANG_WARN_OBJC_ROOT_CLASS = YES_ERROR;
				CLANG_WARN_QUOTED_INCLUDE_IN_FRAMEWORK_HEADER = YES;
				CLANG_WARN_RANGE_LOOP_ANALYSIS = YES;
				CLANG_WARN_STRICT_PROTOTYPES = YES;
				CLANG_WARN_SUSPICIOUS_MOVE = YES;
				CLANG_WARN_UNGUARDED_AVAILABILITY = YES_AGGRESSIVE;
				CLANG_WARN_UNREACHABLE_CODE = YES;
				CLANG_WARN__DUPLICATE_METHOD_MATCH = YES;
				COPY_PHASE_STRIP = NO;
				DEBUG_INFORMATION_FORMAT = dwarf;
				ENABLE_STRICT_OBJC_MSGSEND = YES;
				ENABLE_TESTABILITY = YES;
				GCC_C_LANGUAGE_STANDARD = gnu11;
				GCC_DYNAMIC_NO_PIC = NO;
				GCC_NO_COMMON_BLOCKS = YES;
				GCC_OPTIMIZATION_LEVEL = 0;
				GCC_PREPROCESSOR_DEFINITIONS = (
					"DEBUG=1",
					"$(inherited)",
				);
				GCC_WARN_64_TO_32_BIT_CONVERSION = YES;
				GCC_WARN_ABOUT_RETURN_TYPE = YES_ERROR;
				GCC_WARN_UNDECLARED_SELECTOR = YES;
				GCC_WARN_UNINITIALIZED_AUTOS = YES_AGGRESSIVE;
				GCC_WARN_UNUSED_FUNCTION = YES;
				GCC_WARN_UNUSED_VARIABLE = YES;
				IPHONEOS_DEPLOYMENT_TARGET = 15.0;
				MTL_ENABLE_DEBUG_INFO = INCLUDE_SOURCE;
				MTL_FAST_MATH = YES;
				ONLY_ACTIVE_ARCH = YES;
				SDKROOT = iphoneos;
				SWIFT_ACTIVE_COMPILATION_CONDITIONS = DEBUG;
				SWIFT_OPTIMIZATION_LEVEL = "-Onone";
			};
			name = Debug;
		};
		74D4E250271FD8B40062C3C7 /* Release */ = {
			isa = XCBuildConfiguration;
			buildSettings = {
				ALWAYS_SEARCH_USER_PATHS = NO;
				CLANG_ANALYZER_NONNULL = YES;
				CLANG_ANALYZER_NUMBER_OBJECT_CONVERSION = YES_AGGRESSIVE;
				CLANG_CXX_LANGUAGE_STANDARD = "gnu++17";
				CLANG_CXX_LIBRARY = "libc++";
				CLANG_ENABLE_MODULES = YES;
				CLANG_ENABLE_OBJC_ARC = YES;
				CLANG_ENABLE_OBJC_WEAK = YES;
				CLANG_WARN_BLOCK_CAPTURE_AUTORELEASING = YES;
				CLANG_WARN_BOOL_CONVERSION = YES;
				CLANG_WARN_COMMA = YES;
				CLANG_WARN_CONSTANT_CONVERSION = YES;
				CLANG_WARN_DEPRECATED_OBJC_IMPLEMENTATIONS = YES;
				CLANG_WARN_DIRECT_OBJC_ISA_USAGE = YES_ERROR;
				CLANG_WARN_DOCUMENTATION_COMMENTS = YES;
				CLANG_WARN_EMPTY_BODY = YES;
				CLANG_WARN_ENUM_CONVERSION = YES;
				CLANG_WARN_INFINITE_RECURSION = YES;
				CLANG_WARN_INT_CONVERSION = YES;
				CLANG_WARN_NON_LITERAL_NULL_CONVERSION = YES;
				CLANG_WARN_OBJC_IMPLICIT_RETAIN_SELF = YES;
				CLANG_WARN_OBJC_LITERAL_CONVERSION = YES;
				CLANG_WARN_OBJC_ROOT_CLASS = YES_ERROR;
				CLANG_WARN_QUOTED_INCLUDE_IN_FRAMEWORK_HEADER = YES;
				CLANG_WARN_RANGE_LOOP_ANALYSIS = YES;
				CLANG_WARN_STRICT_PROTOTYPES = YES;
				CLANG_WARN_SUSPICIOUS_MOVE = YES;
				CLANG_WARN_UNGUARDED_AVAILABILITY = YES_AGGRESSIVE;
				CLANG_WARN_UNREACHABLE_CODE = YES;
				CLANG_WARN__DUPLICATE_METHOD_MATCH = YES;
				COPY_PHASE_STRIP = NO;
				DEBUG_INFORMATION_FORMAT = "dwarf-with-dsym";
				ENABLE_NS_ASSERTIONS = NO;
				ENABLE_STRICT_OBJC_MSGSEND = YES;
				GCC_C_LANGUAGE_STANDARD = gnu11;
				GCC_NO_COMMON_BLOCKS = YES;
				GCC_WARN_64_TO_32_BIT_CONVERSION = YES;
				GCC_WARN_ABOUT_RETURN_TYPE = YES_ERROR;
				GCC_WARN_UNDECLARED_SELECTOR = YES;
				GCC_WARN_UNINITIALIZED_AUTOS = YES_AGGRESSIVE;
				GCC_WARN_UNUSED_FUNCTION = YES;
				GCC_WARN_UNUSED_VARIABLE = YES;
				IPHONEOS_DEPLOYMENT_TARGET = 15.0;
				MTL_ENABLE_DEBUG_INFO = NO;
				MTL_FAST_MATH = YES;
				SDKROOT = iphoneos;
				SWIFT_COMPILATION_MODE = wholemodule;
				SWIFT_OPTIMIZATION_LEVEL = "-O";
				VALIDATE_PRODUCT = YES;
			};
			name = Release;
		};
		74D4E252271FD8B40062C3C7 /* Debug */ = {
			isa = XCBuildConfiguration;
			buildSettings = {
				ASSETCATALOG_COMPILER_APPICON_NAME = AppIcon;
				ASSETCATALOG_COMPILER_GLOBAL_ACCENT_COLOR_NAME = AccentColor;
				CODE_SIGN_STYLE = Automatic;
				CURRENT_PROJECT_VERSION = 1;
				DEVELOPMENT_ASSET_PATHS = "\"SlideOutMenu/Preview Content\"";
				DEVELOPMENT_TEAM = XS567D7DQ9;
				ENABLE_PREVIEWS = YES;
				GENERATE_INFOPLIST_FILE = YES;
				INFOPLIST_KEY_UIApplicationSceneManifest_Generation = YES;
				INFOPLIST_KEY_UIApplicationSupportsIndirectInputEvents = YES;
				INFOPLIST_KEY_UILaunchScreen_Generation = YES;
				INFOPLIST_KEY_UISupportedInterfaceOrientations_iPad = "UIInterfaceOrientationPortrait UIInterfaceOrientationPortraitUpsideDown UIInterfaceOrientationLandscapeLeft UIInterfaceOrientationLandscapeRight";
				INFOPLIST_KEY_UISupportedInterfaceOrientations_iPhone = "UIInterfaceOrientationPortrait UIInterfaceOrientationLandscapeLeft UIInterfaceOrientationLandscapeRight";
				IPHONEOS_DEPLOYMENT_TARGET = 14.0;
				LD_RUNPATH_SEARCH_PATHS = (
					"$(inherited)",
					"@executable_path/Frameworks",
				);
				MARKETING_VERSION = 1.0;
				PRODUCT_BUNDLE_IDENTIFIER = mikhail.SlideOutMenu;
				PRODUCT_NAME = "$(TARGET_NAME)";
				SWIFT_EMIT_LOC_STRINGS = YES;
				SWIFT_VERSION = 5.0;
				TARGETED_DEVICE_FAMILY = "1,2";
			};
			name = Debug;
		};
		74D4E253271FD8B40062C3C7 /* Release */ = {
			isa = XCBuildConfiguration;
			buildSettings = {
				ASSETCATALOG_COMPILER_APPICON_NAME = AppIcon;
				ASSETCATALOG_COMPILER_GLOBAL_ACCENT_COLOR_NAME = AccentColor;
				CODE_SIGN_STYLE = Automatic;
				CURRENT_PROJECT_VERSION = 1;
				DEVELOPMENT_ASSET_PATHS = "\"SlideOutMenu/Preview Content\"";
				DEVELOPMENT_TEAM = XS567D7DQ9;
				ENABLE_PREVIEWS = YES;
				GENERATE_INFOPLIST_FILE = YES;
				INFOPLIST_KEY_UIApplicationSceneManifest_Generation = YES;
				INFOPLIST_KEY_UIApplicationSupportsIndirectInputEvents = YES;
				INFOPLIST_KEY_UILaunchScreen_Generation = YES;
				INFOPLIST_KEY_UISupportedInterfaceOrientations_iPad = "UIInterfaceOrientationPortrait UIInterfaceOrientationPortraitUpsideDown UIInterfaceOrientationLandscapeLeft UIInterfaceOrientationLandscapeRight";
				INFOPLIST_KEY_UISupportedInterfaceOrientations_iPhone = "UIInterfaceOrientationPortrait UIInterfaceOrientationLandscapeLeft UIInterfaceOrientationLandscapeRight";
				IPHONEOS_DEPLOYMENT_TARGET = 14.0;
				LD_RUNPATH_SEARCH_PATHS = (
					"$(inherited)",
					"@executable_path/Frameworks",
				);
				MARKETING_VERSION = 1.0;
				PRODUCT_BUNDLE_IDENTIFIER = mikhail.SlideOutMenu;
				PRODUCT_NAME = "$(TARGET_NAME)";
				SWIFT_EMIT_LOC_STRINGS = YES;
				SWIFT_VERSION = 5.0;
				TARGETED_DEVICE_FAMILY = "1,2";
			};
			name = Release;
		};
		74D4E255271FD8B40062C3C7 /* Debug */ = {
			isa = XCBuildConfiguration;
			buildSettings = {
				ALWAYS_EMBED_SWIFT_STANDARD_LIBRARIES = YES;
				BUNDLE_LOADER = "$(TEST_HOST)";
				CODE_SIGN_STYLE = Automatic;
				CURRENT_PROJECT_VERSION = 1;
				DEVELOPMENT_TEAM = XS567D7DQ9;
				GENERATE_INFOPLIST_FILE = YES;
				IPHONEOS_DEPLOYMENT_TARGET = 14.0;
				LD_RUNPATH_SEARCH_PATHS = (
					"$(inherited)",
					"@executable_path/Frameworks",
					"@loader_path/Frameworks",
				);
				MARKETING_VERSION = 1.0;
				PRODUCT_BUNDLE_IDENTIFIER = mikhail.SlideOutMenuTests;
				PRODUCT_NAME = "$(TARGET_NAME)";
				SWIFT_EMIT_LOC_STRINGS = NO;
				SWIFT_VERSION = 5.0;
				TARGETED_DEVICE_FAMILY = "1,2";
				TEST_HOST = "$(BUILT_PRODUCTS_DIR)/SlideOutMenu.app/SlideOutMenu";
			};
			name = Debug;
		};
		74D4E256271FD8B40062C3C7 /* Release */ = {
			isa = XCBuildConfiguration;
			buildSettings = {
				ALWAYS_EMBED_SWIFT_STANDARD_LIBRARIES = YES;
				BUNDLE_LOADER = "$(TEST_HOST)";
				CODE_SIGN_STYLE = Automatic;
				CURRENT_PROJECT_VERSION = 1;
				DEVELOPMENT_TEAM = XS567D7DQ9;
				GENERATE_INFOPLIST_FILE = YES;
				IPHONEOS_DEPLOYMENT_TARGET = 14.0;
				LD_RUNPATH_SEARCH_PATHS = (
					"$(inherited)",
					"@executable_path/Frameworks",
					"@loader_path/Frameworks",
				);
				MARKETING_VERSION = 1.0;
				PRODUCT_BUNDLE_IDENTIFIER = mikhail.SlideOutMenuTests;
				PRODUCT_NAME = "$(TARGET_NAME)";
				SWIFT_EMIT_LOC_STRINGS = NO;
				SWIFT_VERSION = 5.0;
				TARGETED_DEVICE_FAMILY = "1,2";
				TEST_HOST = "$(BUILT_PRODUCTS_DIR)/SlideOutMenu.app/SlideOutMenu";
			};
			name = Release;
		};
		74D4E258271FD8B40062C3C7 /* Debug */ = {
			isa = XCBuildConfiguration;
			buildSettings = {
				ALWAYS_EMBED_SWIFT_STANDARD_LIBRARIES = YES;
				CODE_SIGN_STYLE = Automatic;
				CURRENT_PROJECT_VERSION = 1;
				DEVELOPMENT_TEAM = XS567D7DQ9;
				GENERATE_INFOPLIST_FILE = YES;
				LD_RUNPATH_SEARCH_PATHS = (
					"$(inherited)",
					"@executable_path/Frameworks",
					"@loader_path/Frameworks",
				);
				MARKETING_VERSION = 1.0;
				PRODUCT_BUNDLE_IDENTIFIER = mikhail.SlideOutMenuUITests;
				PRODUCT_NAME = "$(TARGET_NAME)";
				SWIFT_EMIT_LOC_STRINGS = NO;
				SWIFT_VERSION = 5.0;
				TARGETED_DEVICE_FAMILY = "1,2";
				TEST_TARGET_NAME = SlideOutMenu;
			};
			name = Debug;
		};
		74D4E259271FD8B40062C3C7 /* Release */ = {
			isa = XCBuildConfiguration;
			buildSettings = {
				ALWAYS_EMBED_SWIFT_STANDARD_LIBRARIES = YES;
				CODE_SIGN_STYLE = Automatic;
				CURRENT_PROJECT_VERSION = 1;
				DEVELOPMENT_TEAM = XS567D7DQ9;
				GENERATE_INFOPLIST_FILE = YES;
				LD_RUNPATH_SEARCH_PATHS = (
					"$(inherited)",
					"@executable_path/Frameworks",
					"@loader_path/Frameworks",
				);
				MARKETING_VERSION = 1.0;
				PRODUCT_BUNDLE_IDENTIFIER = mikhail.SlideOutMenuUITests;
				PRODUCT_NAME = "$(TARGET_NAME)";
				SWIFT_EMIT_LOC_STRINGS = NO;
				SWIFT_VERSION = 5.0;
				TARGETED_DEVICE_FAMILY = "1,2";
				TEST_TARGET_NAME = SlideOutMenu;
			};
			name = Release;
		};
/* End XCBuildConfiguration section */

/* Begin XCConfigurationList section */
		74D4E228271FD8AE0062C3C7 /* Build configuration list for PBXProject "SlideOutMenu" */ = {
			isa = XCConfigurationList;
			buildConfigurations = (
				74D4E24F271FD8B40062C3C7 /* Debug */,
				74D4E250271FD8B40062C3C7 /* Release */,
			);
			defaultConfigurationIsVisible = 0;
			defaultConfigurationName = Release;
		};
		74D4E251271FD8B40062C3C7 /* Build configuration list for PBXNativeTarget "SlideOutMenu" */ = {
			isa = XCConfigurationList;
			buildConfigurations = (
				74D4E252271FD8B40062C3C7 /* Debug */,
				74D4E253271FD8B40062C3C7 /* Release */,
			);
			defaultConfigurationIsVisible = 0;
			defaultConfigurationName = Release;
		};
		74D4E254271FD8B40062C3C7 /* Build configuration list for PBXNativeTarget "SlideOutMenuTests" */ = {
			isa = XCConfigurationList;
			buildConfigurations = (
				74D4E255271FD8B40062C3C7 /* Debug */,
				74D4E256271FD8B40062C3C7 /* Release */,
			);
			defaultConfigurationIsVisible = 0;
			defaultConfigurationName = Release;
		};
		74D4E257271FD8B40062C3C7 /* Build configuration list for PBXNativeTarget "SlideOutMenuUITests" */ = {
			isa = XCConfigurationList;
			buildConfigurations = (
				74D4E258271FD8B40062C3C7 /* Debug */,
				74D4E259271FD8B40062C3C7 /* Release */,
			);
			defaultConfigurationIsVisible = 0;
			defaultConfigurationName = Release;
		};
/* End XCConfigurationList section */
	};
	rootObject = 74D4E225271FD8AE0062C3C7 /* Project object */;
}
