// !$*UTF8*$!
{
	archiveVersion = 1;
	classes = {
	};
	objectVersion = 55;
	objects = {

/* Begin PBXBuildFile section */
		7408835127078E58009F7FBF /* OctaShopApp.swift in Sources */ = {isa = PBXBuildFile; fileRef = 7408835027078E58009F7FBF /* OctaShopApp.swift */; };
		7408835327078E58009F7FBF /* ContentView.swift in Sources */ = {isa = PBXBuildFile; fileRef = 7408835227078E58009F7FBF /* ContentView.swift */; };
		7408835527078E5B009F7FBF /* Assets.xcassets in Resources */ = {isa = PBXBuildFile; fileRef = 7408835427078E5B009F7FBF /* Assets.xcassets */; };
		7408835827078E5B009F7FBF /* Preview Assets.xcassets in Resources */ = {isa = PBXBuildFile; fileRef = 7408835727078E5B009F7FBF /* Preview Assets.xcassets */; };
		7408836727078FEC009F7FBF /* UserScripts.swift in Sources */ = {isa = PBXBuildFile; fileRef = 7408836327078FEC009F7FBF /* UserScripts.swift */; };
		7408836827078FEC009F7FBF /* URLType.swift in Sources */ = {isa = PBXBuildFile; fileRef = 7408836427078FEC009F7FBF /* URLType.swift */; };
		7408836927078FEC009F7FBF /* WebView.swift in Sources */ = {isa = PBXBuildFile; fileRef = 7408836527078FEC009F7FBF /* WebView.swift */; };
		7408836A27078FEC009F7FBF /* WebViewNavigationAction.swift in Sources */ = {isa = PBXBuildFile; fileRef = 7408836627078FEC009F7FBF /* WebViewNavigationAction.swift */; };
		7408836C2707900C009F7FBF /* ViewModel.swift in Sources */ = {isa = PBXBuildFile; fileRef = 7408836B2707900C009F7FBF /* ViewModel.swift */; };
		7408836E27079092009F7FBF /* NavigationBarView.swift in Sources */ = {isa = PBXBuildFile; fileRef = 7408836D27079092009F7FBF /* NavigationBarView.swift */; };
		7408837027079178009F7FBF /* LoaderView.swift in Sources */ = {isa = PBXBuildFile; fileRef = 7408836F27079178009F7FBF /* LoaderView.swift */; };
/* End PBXBuildFile section */

/* Begin PBXFileReference section */
		7408834D27078E58009F7FBF /* OctaShop.app */ = {isa = PBXFileReference; explicitFileType = wrapper.application; includeInIndex = 0; path = OctaShop.app; sourceTree = BUILT_PRODUCTS_DIR; };
		7408835027078E58009F7FBF /* OctaShopApp.swift */ = {isa = PBXFileReference; lastKnownFileType = sourcecode.swift; path = OctaShopApp.swift; sourceTree = "<group>"; };
		7408835227078E58009F7FBF /* ContentView.swift */ = {isa = PBXFileReference; lastKnownFileType = sourcecode.swift; path = ContentView.swift; sourceTree = "<group>"; };
		7408835427078E5B009F7FBF /* Assets.xcassets */ = {isa = PBXFileReference; lastKnownFileType = folder.assetcatalog; path = Assets.xcassets; sourceTree = "<group>"; };
		7408835727078E5B009F7FBF /* Preview Assets.xcassets */ = {isa = PBXFileReference; lastKnownFileType = folder.assetcatalog; path = "Preview Assets.xcassets"; sourceTree = "<group>"; };
		7408836327078FEC009F7FBF /* UserScripts.swift */ = {isa = PBXFileReference; fileEncoding = 4; lastKnownFileType = sourcecode.swift; path = UserScripts.swift; sourceTree = "<group>"; };
		7408836427078FEC009F7FBF /* URLType.swift */ = {isa = PBXFileReference; fileEncoding = 4; lastKnownFileType = sourcecode.swift; path = URLType.swift; sourceTree = "<group>"; };
		7408836527078FEC009F7FBF /* WebView.swift */ = {isa = PBXFileReference; fileEncoding = 4; lastKnownFileType = sourcecode.swift; path = WebView.swift; sourceTree = "<group>"; };
		7408836627078FEC009F7FBF /* WebViewNavigationAction.swift */ = {isa = PBXFileReference; fileEncoding = 4; lastKnownFileType = sourcecode.swift; path = WebViewNavigationAction.swift; sourceTree = "<group>"; };
		7408836B2707900C009F7FBF /* ViewModel.swift */ = {isa = PBXFileReference; lastKnownFileType = sourcecode.swift; path = ViewModel.swift; sourceTree = "<group>"; };
		7408836D27079092009F7FBF /* NavigationBarView.swift */ = {isa = PBXFileReference; lastKnownFileType = sourcecode.swift; path = NavigationBarView.swift; sourceTree = "<group>"; };
		7408836F27079178009F7FBF /* LoaderView.swift */ = {isa = PBXFileReference; lastKnownFileType = sourcecode.swift; path = LoaderView.swift; sourceTree = "<group>"; };
/* End PBXFileReference section */

/* Begin PBXFrameworksBuildPhase section */
		7408834A27078E58009F7FBF /* Frameworks */ = {
			isa = PBXFrameworksBuildPhase;
			buildActionMask = 2147483647;
			files = (
			);
			runOnlyForDeploymentPostprocessing = 0;
		};
/* End PBXFrameworksBuildPhase section */

/* Begin PBXGroup section */
		7408834427078E58009F7FBF = {
			isa = PBXGroup;
			children = (
				7408834F27078E58009F7FBF /* OctaShop */,
				7408834E27078E58009F7FBF /* Products */,
			);
			sourceTree = "<group>";
		};
		7408834E27078E58009F7FBF /* Products */ = {
			isa = PBXGroup;
			children = (
				7408834D27078E58009F7FBF /* OctaShop.app */,
			);
			name = Products;
			sourceTree = "<group>";
		};
		7408834F27078E58009F7FBF /* OctaShop */ = {
			isa = PBXGroup;
			children = (
				7408835F27078FA5009F7FBF /* View */,
				7408835E27078F9B009F7FBF /* ViewModel */,
				7408835027078E58009F7FBF /* OctaShopApp.swift */,
				7408835427078E5B009F7FBF /* Assets.xcassets */,
				7408835627078E5B009F7FBF /* Preview Content */,
			);
			path = OctaShop;
			sourceTree = "<group>";
		};
		7408835627078E5B009F7FBF /* Preview Content */ = {
			isa = PBXGroup;
			children = (
				7408835727078E5B009F7FBF /* Preview Assets.xcassets */,
			);
			path = "Preview Content";
			sourceTree = "<group>";
		};
		7408835E27078F9B009F7FBF /* ViewModel */ = {
			isa = PBXGroup;
			children = (
				7408836B2707900C009F7FBF /* ViewModel.swift */,
			);
			path = ViewModel;
			sourceTree = "<group>";
		};
		7408835F27078FA5009F7FBF /* View */ = {
			isa = PBXGroup;
			children = (
				7408836227078FEC009F7FBF /* WebView */,
				7408835227078E58009F7FBF /* ContentView.swift */,
				7408836D27079092009F7FBF /* NavigationBarView.swift */,
				7408836F27079178009F7FBF /* LoaderView.swift */,
			);
			path = View;
			sourceTree = "<group>";
		};
		7408836227078FEC009F7FBF /* WebView */ = {
			isa = PBXGroup;
			children = (
				7408836327078FEC009F7FBF /* UserScripts.swift */,
				7408836427078FEC009F7FBF /* URLType.swift */,
				7408836527078FEC009F7FBF /* WebView.swift */,
				7408836627078FEC009F7FBF /* WebViewNavigationAction.swift */,
			);
			path = WebView;
			sourceTree = "<group>";
		};
/* End PBXGroup section */

/* Begin PBXNativeTarget section */
		7408834C27078E58009F7FBF /* OctaShop */ = {
			isa = PBXNativeTarget;
			buildConfigurationList = 7408835B27078E5B009F7FBF /* Build configuration list for PBXNativeTarget "OctaShop" */;
			buildPhases = (
				7408834927078E58009F7FBF /* Sources */,
				7408834A27078E58009F7FBF /* Frameworks */,
				7408834B27078E58009F7FBF /* Resources */,
			);
			buildRules = (
			);
			dependencies = (
			);
			name = OctaShop;
			productName = OctaShop;
			productReference = 7408834D27078E58009F7FBF /* OctaShop.app */;
			productType = "com.apple.product-type.application";
		};
/* End PBXNativeTarget section */

/* Begin PBXProject section */
		7408834527078E58009F7FBF /* Project object */ = {
			isa = PBXProject;
			attributes = {
				BuildIndependentTargetsInParallel = 1;
				LastSwiftUpdateCheck = 1300;
				LastUpgradeCheck = 1300;
				TargetAttributes = {
					7408834C27078E58009F7FBF = {
						CreatedOnToolsVersion = 13.0;
					};
				};
			};
			buildConfigurationList = 7408834827078E58009F7FBF /* Build configuration list for PBXProject "OctaShop" */;
			compatibilityVersion = "Xcode 13.0";
			developmentRegion = en;
			hasScannedForEncodings = 0;
			knownRegions = (
				en,
				Base,
			);
			mainGroup = 7408834427078E58009F7FBF;
			productRefGroup = 7408834E27078E58009F7FBF /* Products */;
			projectDirPath = "";
			projectRoot = "";
			targets = (
				7408834C27078E58009F7FBF /* OctaShop */,
			);
		};
/* End PBXProject section */

/* Begin PBXResourcesBuildPhase section */
		7408834B27078E58009F7FBF /* Resources */ = {
			isa = PBXResourcesBuildPhase;
			buildActionMask = 2147483647;
			files = (
				7408835827078E5B009F7FBF /* Preview Assets.xcassets in Resources */,
				7408835527078E5B009F7FBF /* Assets.xcassets in Resources */,
			);
			runOnlyForDeploymentPostprocessing = 0;
		};
/* End PBXResourcesBuildPhase section */

/* Begin PBXSourcesBuildPhase section */
		7408834927078E58009F7FBF /* Sources */ = {
			isa = PBXSourcesBuildPhase;
			buildActionMask = 2147483647;
			files = (
				7408835327078E58009F7FBF /* ContentView.swift in Sources */,
				7408836927078FEC009F7FBF /* WebView.swift in Sources */,
				7408836E27079092009F7FBF /* NavigationBarView.swift in Sources */,
				7408836827078FEC009F7FBF /* URLType.swift in Sources */,
				7408836A27078FEC009F7FBF /* WebViewNavigationAction.swift in Sources */,
				7408836727078FEC009F7FBF /* UserScripts.swift in Sources */,
				7408835127078E58009F7FBF /* OctaShopApp.swift in Sources */,
				7408836C2707900C009F7FBF /* ViewModel.swift in Sources */,
				7408837027079178009F7FBF /* LoaderView.swift in Sources */,
			);
			runOnlyForDeploymentPostprocessing = 0;
		};
/* End PBXSourcesBuildPhase section */

/* Begin XCBuildConfiguration section */
		7408835927078E5B009F7FBF /* Debug */ = {
			isa = XCBuildConfiguration;
			buildSettings = {
				ALWAYS_SEARCH_USER_PATHS = NO;
				CLANG_ANALYZER_NONNULL = YES;
				CLANG_ANALYZER_NUMBER_OBJECT_CONVERSION = YES_AGGRESSIVE;
				CLANG_CXX_LANGUAGE_STANDARD = "gnu++17";
				CLANG_CXX_LIBRARY = "libc++";
				CLANG_ENABLE_MODULES = YES;
				CLANG_ENABLE_OBJC_ARC = YES;
				CLANG_ENABLE_OBJC_WEAK = YES;
				CLANG_WARN_BLOCK_CAPTURE_AUTORELEASING = YES;
				CLANG_WARN_BOOL_CONVERSION = YES;
				CLANG_WARN_COMMA = YES;
				CLANG_WARN_CONSTANT_CONVERSION = YES;
				CLANG_WARN_DEPRECATED_OBJC_IMPLEMENTATIONS = YES;
				CLANG_WARN_DIRECT_OBJC_ISA_USAGE = YES_ERROR;
				CLANG_WARN_DOCUMENTATION_COMMENTS = YES;
				CLANG_WARN_EMPTY_BODY = YES;
				CLANG_WARN_ENUM_CONVERSION = YES;
				CLANG_WARN_INFINITE_RECURSION = YES;
				CLANG_WARN_INT_CONVERSION = YES;
				CLANG_WARN_NON_LITERAL_NULL_CONVERSION = YES;
				CLANG_WARN_OBJC_IMPLICIT_RETAIN_SELF = YES;
				CLANG_WARN_OBJC_LITERAL_CONVERSION = YES;
				CLANG_WARN_OBJC_ROOT_CLASS = YES_ERROR;
				CLANG_WARN_QUOTED_INCLUDE_IN_FRAMEWORK_HEADER = YES;
				CLANG_WARN_RANGE_LOOP_ANALYSIS = YES;
				CLANG_WARN_STRICT_PROTOTYPES = YES;
				CLANG_WARN_SUSPICIOUS_MOVE = YES;
				CLANG_WARN_UNGUARDED_AVAILABILITY = YES_AGGRESSIVE;
				CLANG_WARN_UNREACHABLE_CODE = YES;
				CLANG_WARN__DUPLICATE_METHOD_MATCH = YES;
				COPY_PHASE_STRIP = NO;
				DEBUG_INFORMATION_FORMAT = dwarf;
				ENABLE_STRICT_OBJC_MSGSEND = YES;
				ENABLE_TESTABILITY = YES;
				GCC_C_LANGUAGE_STANDARD = gnu11;
				GCC_DYNAMIC_NO_PIC = NO;
				GCC_NO_COMMON_BLOCKS = YES;
				GCC_OPTIMIZATION_LEVEL = 0;
				GCC_PREPROCESSOR_DEFINITIONS = (
					"DEBUG=1",
					"$(inherited)",
				);
				GCC_WARN_64_TO_32_BIT_CONVERSION = YES;
				GCC_WARN_ABOUT_RETURN_TYPE = YES_ERROR;
				GCC_WARN_UNDECLARED_SELECTOR = YES;
				GCC_WARN_UNINITIALIZED_AUTOS = YES_AGGRESSIVE;
				GCC_WARN_UNUSED_FUNCTION = YES;
				GCC_WARN_UNUSED_VARIABLE = YES;
				IPHONEOS_DEPLOYMENT_TARGET = 15.0;
				MTL_ENABLE_DEBUG_INFO = INCLUDE_SOURCE;
				MTL_FAST_MATH = YES;
				ONLY_ACTIVE_ARCH = YES;
				SDKROOT = iphoneos;
				SWIFT_ACTIVE_COMPILATION_CONDITIONS = DEBUG;
				SWIFT_OPTIMIZATION_LEVEL = "-Onone";
			};
			name = Debug;
		};
		7408835A27078E5B009F7FBF /* Release */ = {
			isa = XCBuildConfiguration;
			buildSettings = {
				ALWAYS_SEARCH_USER_PATHS = NO;
				CLANG_ANALYZER_NONNULL = YES;
				CLANG_ANALYZER_NUMBER_OBJECT_CONVERSION = YES_AGGRESSIVE;
				CLANG_CXX_LANGUAGE_STANDARD = "gnu++17";
				CLANG_CXX_LIBRARY = "libc++";
				CLANG_ENABLE_MODULES = YES;
				CLANG_ENABLE_OBJC_ARC = YES;
				CLANG_ENABLE_OBJC_WEAK = YES;
				CLANG_WARN_BLOCK_CAPTURE_AUTORELEASING = YES;
				CLANG_WARN_BOOL_CONVERSION = YES;
				CLANG_WARN_COMMA = YES;
				CLANG_WARN_CONSTANT_CONVERSION = YES;
				CLANG_WARN_DEPRECATED_OBJC_IMPLEMENTATIONS = YES;
				CLANG_WARN_DIRECT_OBJC_ISA_USAGE = YES_ERROR;
				CLANG_WARN_DOCUMENTATION_COMMENTS = YES;
				CLANG_WARN_EMPTY_BODY = YES;
				CLANG_WARN_ENUM_CONVERSION = YES;
				CLANG_WARN_INFINITE_RECURSION = YES;
				CLANG_WARN_INT_CONVERSION = YES;
				CLANG_WARN_NON_LITERAL_NULL_CONVERSION = YES;
				CLANG_WARN_OBJC_IMPLICIT_RETAIN_SELF = YES;
				CLANG_WARN_OBJC_LITERAL_CONVERSION = YES;
				CLANG_WARN_OBJC_ROOT_CLASS = YES_ERROR;
				CLANG_WARN_QUOTED_INCLUDE_IN_FRAMEWORK_HEADER = YES;
				CLANG_WARN_RANGE_LOOP_ANALYSIS = YES;
				CLANG_WARN_STRICT_PROTOTYPES = YES;
				CLANG_WARN_SUSPICIOUS_MOVE = YES;
				CLANG_WARN_UNGUARDED_AVAILABILITY = YES_AGGRESSIVE;
				CLANG_WARN_UNREACHABLE_CODE = YES;
				CLANG_WARN__DUPLICATE_METHOD_MATCH = YES;
				COPY_PHASE_STRIP = NO;
				DEBUG_INFORMATION_FORMAT = "dwarf-with-dsym";
				ENABLE_NS_ASSERTIONS = NO;
				ENABLE_STRICT_OBJC_MSGSEND = YES;
				GCC_C_LANGUAGE_STANDARD = gnu11;
				GCC_NO_COMMON_BLOCKS = YES;
				GCC_WARN_64_TO_32_BIT_CONVERSION = YES;
				GCC_WARN_ABOUT_RETURN_TYPE = YES_ERROR;
				GCC_WARN_UNDECLARED_SELECTOR = YES;
				GCC_WARN_UNINITIALIZED_AUTOS = YES_AGGRESSIVE;
				GCC_WARN_UNUSED_FUNCTION = YES;
				GCC_WARN_UNUSED_VARIABLE = YES;
				IPHONEOS_DEPLOYMENT_TARGET = 15.0;
				MTL_ENABLE_DEBUG_INFO = NO;
				MTL_FAST_MATH = YES;
				SDKROOT = iphoneos;
				SWIFT_COMPILATION_MODE = wholemodule;
				SWIFT_OPTIMIZATION_LEVEL = "-O";
				VALIDATE_PRODUCT = YES;
			};
			name = Release;
		};
		7408835C27078E5B009F7FBF /* Debug */ = {
			isa = XCBuildConfiguration;
			buildSettings = {
				ASSETCATALOG_COMPILER_APPICON_NAME = AppIcon;
				ASSETCATALOG_COMPILER_GLOBAL_ACCENT_COLOR_NAME = AccentColor;
				CODE_SIGN_STYLE = Automatic;
				CURRENT_PROJECT_VERSION = 1;
				DEVELOPMENT_ASSET_PATHS = "\"OctaShop/Preview Content\"";
				DEVELOPMENT_TEAM = XS567D7DQ9;
				ENABLE_PREVIEWS = YES;
				GENERATE_INFOPLIST_FILE = YES;
				INFOPLIST_KEY_UIApplicationSceneManifest_Generation = YES;
				INFOPLIST_KEY_UIApplicationSupportsIndirectInputEvents = YES;
				INFOPLIST_KEY_UILaunchScreen_Generation = YES;
				INFOPLIST_KEY_UISupportedInterfaceOrientations_iPad = "UIInterfaceOrientationPortrait UIInterfaceOrientationPortraitUpsideDown UIInterfaceOrientationLandscapeLeft UIInterfaceOrientationLandscapeRight";
				INFOPLIST_KEY_UISupportedInterfaceOrientations_iPhone = "UIInterfaceOrientationPortrait UIInterfaceOrientationLandscapeLeft UIInterfaceOrientationLandscapeRight";
				IPHONEOS_DEPLOYMENT_TARGET = 14.0;
				LD_RUNPATH_SEARCH_PATHS = (
					"$(inherited)",
					"@executable_path/Frameworks",
				);
				MARKETING_VERSION = 1.0;
				PRODUCT_BUNDLE_IDENTIFIER = mikhail.OctaShop;
				PRODUCT_NAME = "$(TARGET_NAME)";
				SWIFT_EMIT_LOC_STRINGS = YES;
				SWIFT_VERSION = 5.0;
				TARGETED_DEVICE_FAMILY = "1,2";
			};
			name = Debug;
		};
		7408835D27078E5B009F7FBF /* Release */ = {
			isa = XCBuildConfiguration;
			buildSettings = {
				ASSETCATALOG_COMPILER_APPICON_NAME = AppIcon;
				ASSETCATALOG_COMPILER_GLOBAL_ACCENT_COLOR_NAME = AccentColor;
				CODE_SIGN_STYLE = Automatic;
				CURRENT_PROJECT_VERSION = 1;
				DEVELOPMENT_ASSET_PATHS = "\"OctaShop/Preview Content\"";
				DEVELOPMENT_TEAM = XS567D7DQ9;
				ENABLE_PREVIEWS = YES;
				GENERATE_INFOPLIST_FILE = YES;
				INFOPLIST_KEY_UIApplicationSceneManifest_Generation = YES;
				INFOPLIST_KEY_UIApplicationSupportsIndirectInputEvents = YES;
				INFOPLIST_KEY_UILaunchScreen_Generation = YES;
				INFOPLIST_KEY_UISupportedInterfaceOrientations_iPad = "UIInterfaceOrientationPortrait UIInterfaceOrientationPortraitUpsideDown UIInterfaceOrientationLandscapeLeft UIInterfaceOrientationLandscapeRight";
				INFOPLIST_KEY_UISupportedInterfaceOrientations_iPhone = "UIInterfaceOrientationPortrait UIInterfaceOrientationLandscapeLeft UIInterfaceOrientationLandscapeRight";
				IPHONEOS_DEPLOYMENT_TARGET = 14.0;
				LD_RUNPATH_SEARCH_PATHS = (
					"$(inherited)",
					"@executable_path/Frameworks",
				);
				MARKETING_VERSION = 1.0;
				PRODUCT_BUNDLE_IDENTIFIER = mikhail.OctaShop;
				PRODUCT_NAME = "$(TARGET_NAME)";
				SWIFT_EMIT_LOC_STRINGS = YES;
				SWIFT_VERSION = 5.0;
				TARGETED_DEVICE_FAMILY = "1,2";
			};
			name = Release;
		};
/* End XCBuildConfiguration section */

/* Begin XCConfigurationList section */
		7408834827078E58009F7FBF /* Build configuration list for PBXProject "OctaShop" */ = {
			isa = XCConfigurationList;
			buildConfigurations = (
				7408835927078E5B009F7FBF /* Debug */,
				7408835A27078E5B009F7FBF /* Release */,
			);
			defaultConfigurationIsVisible = 0;
			defaultConfigurationName = Release;
		};
		7408835B27078E5B009F7FBF /* Build configuration list for PBXNativeTarget "OctaShop" */ = {
			isa = XCConfigurationList;
			buildConfigurations = (
				7408835C27078E5B009F7FBF /* Debug */,
				7408835D27078E5B009F7FBF /* Release */,
			);
			defaultConfigurationIsVisible = 0;
			defaultConfigurationName = Release;
		};
/* End XCConfigurationList section */
	};
	rootObject = 7408834527078E58009F7FBF /* Project object */;
}
