// !$*UTF8*$!
{
	archiveVersion = 1;
	classes = {
	};
	objectVersion = 52;
	objects = {

/* Begin PBXBuildFile section */
		7413815C270471630085D0EB /* UserScripts.swift in Sources */ = {isa = PBXBuildFile; fileRef = 7413815B270471630085D0EB /* UserScripts.swift */; };
		74F1A7BF26BAF2930079EBE4 /* aliumApp.swift in Sources */ = {isa = PBXBuildFile; fileRef = 74F1A7BE26BAF2930079EBE4 /* aliumApp.swift */; };
		74F1A7C126BAF2930079EBE4 /* ContentView.swift in Sources */ = {isa = PBXBuildFile; fileRef = 74F1A7C026BAF2930079EBE4 /* ContentView.swift */; };
		74F1A7C326BAF2990079EBE4 /* Assets.xcassets in Resources */ = {isa = PBXBuildFile; fileRef = 74F1A7C226BAF2990079EBE4 /* Assets.xcassets */; };
		74F1A7C626BAF2990079EBE4 /* Preview Assets.xcassets in Resources */ = {isa = PBXBuildFile; fileRef = 74F1A7C526BAF2990079EBE4 /* Preview Assets.xcassets */; };
		74F1A7D126BAF31C0079EBE4 /* WebView.swift in Sources */ = {isa = PBXBuildFile; fileRef = 74F1A7D026BAF31C0079EBE4 /* WebView.swift */; };
		74F1A7DB26BB02760079EBE4 /* SwiftUIRefresh in Frameworks */ = {isa = PBXBuildFile; productRef = 74F1A7DA26BB02760079EBE4 /* SwiftUIRefresh */; };
		74F1A7DD26BB05D00079EBE4 /* NavigationBarView.swift in Sources */ = {isa = PBXBuildFile; fileRef = 74F1A7DC26BB05D00079EBE4 /* NavigationBarView.swift */; };
		74F1A7DF26BB06C50079EBE4 /* LoaderView.swift in Sources */ = {isa = PBXBuildFile; fileRef = 74F1A7DE26BB06C50079EBE4 /* LoaderView.swift */; };
		74F1A7E126BB09CE0079EBE4 /* ViewModel.swift in Sources */ = {isa = PBXBuildFile; fileRef = 74F1A7E026BB09CE0079EBE4 /* ViewModel.swift */; };
		74F1A7E426BB0A810079EBE4 /* WebViewNavigationAction.swift in Sources */ = {isa = PBXBuildFile; fileRef = 74F1A7E326BB0A810079EBE4 /* WebViewNavigationAction.swift */; };
		74F1A7E626BB0AAA0079EBE4 /* URLType.swift in Sources */ = {isa = PBXBuildFile; fileRef = 74F1A7E526BB0AAA0079EBE4 /* URLType.swift */; };
/* End PBXBuildFile section */

/* Begin PBXFileReference section */
		7413815B270471630085D0EB /* UserScripts.swift */ = {isa = PBXFileReference; lastKnownFileType = sourcecode.swift; path = UserScripts.swift; sourceTree = "<group>"; };
		74F1A7BB26BAF2930079EBE4 /* alium.app */ = {isa = PBXFileReference; explicitFileType = wrapper.application; includeInIndex = 0; path = alium.app; sourceTree = BUILT_PRODUCTS_DIR; };
		74F1A7BE26BAF2930079EBE4 /* aliumApp.swift */ = {isa = PBXFileReference; lastKnownFileType = sourcecode.swift; path = aliumApp.swift; sourceTree = "<group>"; };
		74F1A7C026BAF2930079EBE4 /* ContentView.swift */ = {isa = PBXFileReference; lastKnownFileType = sourcecode.swift; path = ContentView.swift; sourceTree = "<group>"; };
		74F1A7C226BAF2990079EBE4 /* Assets.xcassets */ = {isa = PBXFileReference; lastKnownFileType = folder.assetcatalog; path = Assets.xcassets; sourceTree = "<group>"; };
		74F1A7C526BAF2990079EBE4 /* Preview Assets.xcassets */ = {isa = PBXFileReference; lastKnownFileType = folder.assetcatalog; path = "Preview Assets.xcassets"; sourceTree = "<group>"; };
		74F1A7C726BAF2990079EBE4 /* Info.plist */ = {isa = PBXFileReference; lastKnownFileType = text.plist.xml; path = Info.plist; sourceTree = "<group>"; };
		74F1A7D026BAF31C0079EBE4 /* WebView.swift */ = {isa = PBXFileReference; lastKnownFileType = sourcecode.swift; path = WebView.swift; sourceTree = "<group>"; };
		74F1A7DC26BB05D00079EBE4 /* NavigationBarView.swift */ = {isa = PBXFileReference; lastKnownFileType = sourcecode.swift; path = NavigationBarView.swift; sourceTree = "<group>"; };
		74F1A7DE26BB06C50079EBE4 /* LoaderView.swift */ = {isa = PBXFileReference; lastKnownFileType = sourcecode.swift; path = LoaderView.swift; sourceTree = "<group>"; };
		74F1A7E026BB09CE0079EBE4 /* ViewModel.swift */ = {isa = PBXFileReference; lastKnownFileType = sourcecode.swift; path = ViewModel.swift; sourceTree = "<group>"; };
		74F1A7E326BB0A810079EBE4 /* WebViewNavigationAction.swift */ = {isa = PBXFileReference; lastKnownFileType = sourcecode.swift; path = WebViewNavigationAction.swift; sourceTree = "<group>"; };
		74F1A7E526BB0AAA0079EBE4 /* URLType.swift */ = {isa = PBXFileReference; lastKnownFileType = sourcecode.swift; path = URLType.swift; sourceTree = "<group>"; };
/* End PBXFileReference section */

/* Begin PBXFrameworksBuildPhase section */
		74F1A7B826BAF2930079EBE4 /* Frameworks */ = {
			isa = PBXFrameworksBuildPhase;
			buildActionMask = 2147483647;
			files = (
				74F1A7DB26BB02760079EBE4 /* SwiftUIRefresh in Frameworks */,
			);
			runOnlyForDeploymentPostprocessing = 0;
		};
/* End PBXFrameworksBuildPhase section */

/* Begin PBXGroup section */
		74F1A7B226BAF2930079EBE4 = {
			isa = PBXGroup;
			children = (
				74F1A7BD26BAF2930079EBE4 /* alium */,
				74F1A7BC26BAF2930079EBE4 /* Products */,
			);
			sourceTree = "<group>";
		};
		74F1A7BC26BAF2930079EBE4 /* Products */ = {
			isa = PBXGroup;
			children = (
				74F1A7BB26BAF2930079EBE4 /* alium.app */,
			);
			name = Products;
			sourceTree = "<group>";
		};
		74F1A7BD26BAF2930079EBE4 /* alium */ = {
			isa = PBXGroup;
			children = (
				74F1A7CF26BAF2EE0079EBE4 /* ViewModel */,
				74F1A7CE26BAF2E90079EBE4 /* Model */,
				74F1A7CD26BAF2E20079EBE4 /* VIew */,
				74F1A7BE26BAF2930079EBE4 /* aliumApp.swift */,
				74F1A7C026BAF2930079EBE4 /* ContentView.swift */,
				74F1A7C226BAF2990079EBE4 /* Assets.xcassets */,
				74F1A7C726BAF2990079EBE4 /* Info.plist */,
				74F1A7C426BAF2990079EBE4 /* Preview Content */,
			);
			path = alium;
			sourceTree = "<group>";
		};
		74F1A7C426BAF2990079EBE4 /* Preview Content */ = {
			isa = PBXGroup;
			children = (
				74F1A7C526BAF2990079EBE4 /* Preview Assets.xcassets */,
			);
			path = "Preview Content";
			sourceTree = "<group>";
		};
		74F1A7CD26BAF2E20079EBE4 /* VIew */ = {
			isa = PBXGroup;
			children = (
				74F1A7E226BB0A480079EBE4 /* WebView */,
				74F1A7DC26BB05D00079EBE4 /* NavigationBarView.swift */,
				74F1A7DE26BB06C50079EBE4 /* LoaderView.swift */,
			);
			path = VIew;
			sourceTree = "<group>";
		};
		74F1A7CE26BAF2E90079EBE4 /* Model */ = {
			isa = PBXGroup;
			children = (
			);
			path = Model;
			sourceTree = "<group>";
		};
		74F1A7CF26BAF2EE0079EBE4 /* ViewModel */ = {
			isa = PBXGroup;
			children = (
				74F1A7E026BB09CE0079EBE4 /* ViewModel.swift */,
			);
			path = ViewModel;
			sourceTree = "<group>";
		};
		74F1A7E226BB0A480079EBE4 /* WebView */ = {
			isa = PBXGroup;
			children = (
				74F1A7D026BAF31C0079EBE4 /* WebView.swift */,
				74F1A7E326BB0A810079EBE4 /* WebViewNavigationAction.swift */,
				74F1A7E526BB0AAA0079EBE4 /* URLType.swift */,
				7413815B270471630085D0EB /* UserScripts.swift */,
			);
			path = WebView;
			sourceTree = "<group>";
		};
/* End PBXGroup section */

/* Begin PBXNativeTarget section */
		74F1A7BA26BAF2930079EBE4 /* alium */ = {
			isa = PBXNativeTarget;
			buildConfigurationList = 74F1A7CA26BAF2990079EBE4 /* Build configuration list for PBXNativeTarget "alium" */;
			buildPhases = (
				74F1A7B726BAF2930079EBE4 /* Sources */,
				74F1A7B826BAF2930079EBE4 /* Frameworks */,
				74F1A7B926BAF2930079EBE4 /* Resources */,
			);
			buildRules = (
			);
			dependencies = (
			);
			name = alium;
			packageProductDependencies = (
				74F1A7DA26BB02760079EBE4 /* SwiftUIRefresh */,
			);
			productName = alium;
			productReference = 74F1A7BB26BAF2930079EBE4 /* alium.app */;
			productType = "com.apple.product-type.application";
		};
/* End PBXNativeTarget section */

/* Begin PBXProject section */
		74F1A7B326BAF2930079EBE4 /* Project object */ = {
			isa = PBXProject;
			attributes = {
				LastSwiftUpdateCheck = 1250;
				LastUpgradeCheck = 1250;
				TargetAttributes = {
					74F1A7BA26BAF2930079EBE4 = {
						CreatedOnToolsVersion = 12.5;
					};
				};
			};
			buildConfigurationList = 74F1A7B626BAF2930079EBE4 /* Build configuration list for PBXProject "alium" */;
			compatibilityVersion = "Xcode 9.3";
			developmentRegion = en;
			hasScannedForEncodings = 0;
			knownRegions = (
				en,
				Base,
			);
			mainGroup = 74F1A7B226BAF2930079EBE4;
			packageReferences = (
				74F1A7D926BB02760079EBE4 /* XCRemoteSwiftPackageReference "SwiftUIRefresh" */,
			);
			productRefGroup = 74F1A7BC26BAF2930079EBE4 /* Products */;
			projectDirPath = "";
			projectRoot = "";
			targets = (
				74F1A7BA26BAF2930079EBE4 /* alium */,
			);
		};
/* End PBXProject section */

/* Begin PBXResourcesBuildPhase section */
		74F1A7B926BAF2930079EBE4 /* Resources */ = {
			isa = PBXResourcesBuildPhase;
			buildActionMask = 2147483647;
			files = (
				74F1A7C626BAF2990079EBE4 /* Preview Assets.xcassets in Resources */,
				74F1A7C326BAF2990079EBE4 /* Assets.xcassets in Resources */,
			);
			runOnlyForDeploymentPostprocessing = 0;
		};
/* End PBXResourcesBuildPhase section */

/* Begin PBXSourcesBuildPhase section */
		74F1A7B726BAF2930079EBE4 /* Sources */ = {
			isa = PBXSourcesBuildPhase;
			buildActionMask = 2147483647;
			files = (
				74F1A7D126BAF31C0079EBE4 /* WebView.swift in Sources */,
				7413815C270471630085D0EB /* UserScripts.swift in Sources */,
				74F1A7C126BAF2930079EBE4 /* ContentView.swift in Sources */,
				74F1A7DF26BB06C50079EBE4 /* LoaderView.swift in Sources */,
				74F1A7DD26BB05D00079EBE4 /* NavigationBarView.swift in Sources */,
				74F1A7E126BB09CE0079EBE4 /* ViewModel.swift in Sources */,
				74F1A7E626BB0AAA0079EBE4 /* URLType.swift in Sources */,
				74F1A7E426BB0A810079EBE4 /* WebViewNavigationAction.swift in Sources */,
				74F1A7BF26BAF2930079EBE4 /* aliumApp.swift in Sources */,
			);
			runOnlyForDeploymentPostprocessing = 0;
		};
/* End PBXSourcesBuildPhase section */

/* Begin XCBuildConfiguration section */
		74F1A7C826BAF2990079EBE4 /* Debug */ = {
			isa = XCBuildConfiguration;
			buildSettings = {
				ALWAYS_SEARCH_USER_PATHS = NO;
				CLANG_ANALYZER_NONNULL = YES;
				CLANG_ANALYZER_NUMBER_OBJECT_CONVERSION = YES_AGGRESSIVE;
				CLANG_CXX_LANGUAGE_STANDARD = "gnu++14";
				CLANG_CXX_LIBRARY = "libc++";
				CLANG_ENABLE_MODULES = YES;
				CLANG_ENABLE_OBJC_ARC = YES;
				CLANG_ENABLE_OBJC_WEAK = YES;
				CLANG_WARN_BLOCK_CAPTURE_AUTORELEASING = YES;
				CLANG_WARN_BOOL_CONVERSION = YES;
				CLANG_WARN_COMMA = YES;
				CLANG_WARN_CONSTANT_CONVERSION = YES;
				CLANG_WARN_DEPRECATED_OBJC_IMPLEMENTATIONS = YES;
				CLANG_WARN_DIRECT_OBJC_ISA_USAGE = YES_ERROR;
				CLANG_WARN_DOCUMENTATION_COMMENTS = YES;
				CLANG_WARN_EMPTY_BODY = YES;
				CLANG_WARN_ENUM_CONVERSION = YES;
				CLANG_WARN_INFINITE_RECURSION = YES;
				CLANG_WARN_INT_CONVERSION = YES;
				CLANG_WARN_NON_LITERAL_NULL_CONVERSION = YES;
				CLANG_WARN_OBJC_IMPLICIT_RETAIN_SELF = YES;
				CLANG_WARN_OBJC_LITERAL_CONVERSION = YES;
				CLANG_WARN_OBJC_ROOT_CLASS = YES_ERROR;
				CLANG_WARN_QUOTED_INCLUDE_IN_FRAMEWORK_HEADER = YES;
				CLANG_WARN_RANGE_LOOP_ANALYSIS = YES;
				CLANG_WARN_STRICT_PROTOTYPES = YES;
				CLANG_WARN_SUSPICIOUS_MOVE = YES;
				CLANG_WARN_UNGUARDED_AVAILABILITY = YES_AGGRESSIVE;
				CLANG_WARN_UNREACHABLE_CODE = YES;
				CLANG_WARN__DUPLICATE_METHOD_MATCH = YES;
				COPY_PHASE_STRIP = NO;
				DEBUG_INFORMATION_FORMAT = dwarf;
				ENABLE_STRICT_OBJC_MSGSEND = YES;
				ENABLE_TESTABILITY = YES;
				GCC_C_LANGUAGE_STANDARD = gnu11;
				GCC_DYNAMIC_NO_PIC = NO;
				GCC_NO_COMMON_BLOCKS = YES;
				GCC_OPTIMIZATION_LEVEL = 0;
				GCC_PREPROCESSOR_DEFINITIONS = (
					"DEBUG=1",
					"$(inherited)",
				);
				GCC_WARN_64_TO_32_BIT_CONVERSION = YES;
				GCC_WARN_ABOUT_RETURN_TYPE = YES_ERROR;
				GCC_WARN_UNDECLARED_SELECTOR = YES;
				GCC_WARN_UNINITIALIZED_AUTOS = YES_AGGRESSIVE;
				GCC_WARN_UNUSED_FUNCTION = YES;
				GCC_WARN_UNUSED_VARIABLE = YES;
				IPHONEOS_DEPLOYMENT_TARGET = 14.5;
				MTL_ENABLE_DEBUG_INFO = INCLUDE_SOURCE;
				MTL_FAST_MATH = YES;
				ONLY_ACTIVE_ARCH = YES;
				SDKROOT = iphoneos;
				SWIFT_ACTIVE_COMPILATION_CONDITIONS = DEBUG;
				SWIFT_OPTIMIZATION_LEVEL = "-Onone";
			};
			name = Debug;
		};
		74F1A7C926BAF2990079EBE4 /* Release */ = {
			isa = XCBuildConfiguration;
			buildSettings = {
				ALWAYS_SEARCH_USER_PATHS = NO;
				CLANG_ANALYZER_NONNULL = YES;
				CLANG_ANALYZER_NUMBER_OBJECT_CONVERSION = YES_AGGRESSIVE;
				CLANG_CXX_LANGUAGE_STANDARD = "gnu++14";
				CLANG_CXX_LIBRARY = "libc++";
				CLANG_ENABLE_MODULES = YES;
				CLANG_ENABLE_OBJC_ARC = YES;
				CLANG_ENABLE_OBJC_WEAK = YES;
				CLANG_WARN_BLOCK_CAPTURE_AUTORELEASING = YES;
				CLANG_WARN_BOOL_CONVERSION = YES;
				CLANG_WARN_COMMA = YES;
				CLANG_WARN_CONSTANT_CONVERSION = YES;
				CLANG_WARN_DEPRECATED_OBJC_IMPLEMENTATIONS = YES;
				CLANG_WARN_DIRECT_OBJC_ISA_USAGE = YES_ERROR;
				CLANG_WARN_DOCUMENTATION_COMMENTS = YES;
				CLANG_WARN_EMPTY_BODY = YES;
				CLANG_WARN_ENUM_CONVERSION = YES;
				CLANG_WARN_INFINITE_RECURSION = YES;
				CLANG_WARN_INT_CONVERSION = YES;
				CLANG_WARN_NON_LITERAL_NULL_CONVERSION = YES;
				CLANG_WARN_OBJC_IMPLICIT_RETAIN_SELF = YES;
				CLANG_WARN_OBJC_LITERAL_CONVERSION = YES;
				CLANG_WARN_OBJC_ROOT_CLASS = YES_ERROR;
				CLANG_WARN_QUOTED_INCLUDE_IN_FRAMEWORK_HEADER = YES;
				CLANG_WARN_RANGE_LOOP_ANALYSIS = YES;
				CLANG_WARN_STRICT_PROTOTYPES = YES;
				CLANG_WARN_SUSPICIOUS_MOVE = YES;
				CLANG_WARN_UNGUARDED_AVAILABILITY = YES_AGGRESSIVE;
				CLANG_WARN_UNREACHABLE_CODE = YES;
				CLANG_WARN__DUPLICATE_METHOD_MATCH = YES;
				COPY_PHASE_STRIP = NO;
				DEBUG_INFORMATION_FORMAT = "dwarf-with-dsym";
				ENABLE_NS_ASSERTIONS = NO;
				ENABLE_STRICT_OBJC_MSGSEND = YES;
				GCC_C_LANGUAGE_STANDARD = gnu11;
				GCC_NO_COMMON_BLOCKS = YES;
				GCC_WARN_64_TO_32_BIT_CONVERSION = YES;
				GCC_WARN_ABOUT_RETURN_TYPE = YES_ERROR;
				GCC_WARN_UNDECLARED_SELECTOR = YES;
				GCC_WARN_UNINITIALIZED_AUTOS = YES_AGGRESSIVE;
				GCC_WARN_UNUSED_FUNCTION = YES;
				GCC_WARN_UNUSED_VARIABLE = YES;
				IPHONEOS_DEPLOYMENT_TARGET = 14.5;
				MTL_ENABLE_DEBUG_INFO = NO;
				MTL_FAST_MATH = YES;
				SDKROOT = iphoneos;
				SWIFT_COMPILATION_MODE = wholemodule;
				SWIFT_OPTIMIZATION_LEVEL = "-O";
				VALIDATE_PRODUCT = YES;
			};
			name = Release;
		};
		74F1A7CB26BAF2990079EBE4 /* Debug */ = {
			isa = XCBuildConfiguration;
			buildSettings = {
				ASSETCATALOG_COMPILER_APPICON_NAME = AppIcon;
				ASSETCATALOG_COMPILER_GLOBAL_ACCENT_COLOR_NAME = AccentColor;
				CODE_SIGN_IDENTITY = "Apple Development";
				CODE_SIGN_STYLE = Automatic;
				CURRENT_PROJECT_VERSION = 2;
				DEVELOPMENT_ASSET_PATHS = "\"alium/Preview Content\"";
				DEVELOPMENT_TEAM = 94SU3FGRFR;
				ENABLE_PREVIEWS = YES;
				INFOPLIST_FILE = alium/Info.plist;
				IPHONEOS_DEPLOYMENT_TARGET = 14.0;
				LD_RUNPATH_SEARCH_PATHS = (
					"$(inherited)",
					"@executable_path/Frameworks",
				);
				MARKETING_VERSION = 1.0.1;
				PRODUCT_BUNDLE_IDENTIFIER = com.aliumswap.alium;
				PRODUCT_NAME = "$(TARGET_NAME)";
				PROVISIONING_PROFILE_SPECIFIER = "";
				SWIFT_VERSION = 5.0;
				TARGETED_DEVICE_FAMILY = 1;
			};
			name = Debug;
		};
		74F1A7CC26BAF2990079EBE4 /* Release */ = {
			isa = XCBuildConfiguration;
			buildSettings = {
				ASSETCATALOG_COMPILER_APPICON_NAME = AppIcon;
				ASSETCATALOG_COMPILER_GLOBAL_ACCENT_COLOR_NAME = AccentColor;
				CODE_SIGN_IDENTITY = "Apple Development";
				CODE_SIGN_STYLE = Automatic;
				CURRENT_PROJECT_VERSION = 2;
				DEVELOPMENT_ASSET_PATHS = "\"alium/Preview Content\"";
				DEVELOPMENT_TEAM = 94SU3FGRFR;
				ENABLE_PREVIEWS = YES;
				INFOPLIST_FILE = alium/Info.plist;
				IPHONEOS_DEPLOYMENT_TARGET = 14.0;
				LD_RUNPATH_SEARCH_PATHS = (
					"$(inherited)",
					"@executable_path/Frameworks",
				);
				MARKETING_VERSION = 1.0.1;
				PRODUCT_BUNDLE_IDENTIFIER = com.aliumswap.alium;
				PRODUCT_NAME = "$(TARGET_NAME)";
				PROVISIONING_PROFILE_SPECIFIER = "";
				SWIFT_VERSION = 5.0;
				TARGETED_DEVICE_FAMILY = 1;
			};
			name = Release;
		};
/* End XCBuildConfiguration section */

/* Begin XCConfigurationList section */
		74F1A7B626BAF2930079EBE4 /* Build configuration list for PBXProject "alium" */ = {
			isa = XCConfigurationList;
			buildConfigurations = (
				74F1A7C826BAF2990079EBE4 /* Debug */,
				74F1A7C926BAF2990079EBE4 /* Release */,
			);
			defaultConfigurationIsVisible = 0;
			defaultConfigurationName = Release;
		};
		74F1A7CA26BAF2990079EBE4 /* Build configuration list for PBXNativeTarget "alium" */ = {
			isa = XCConfigurationList;
			buildConfigurations = (
				74F1A7CB26BAF2990079EBE4 /* Debug */,
				74F1A7CC26BAF2990079EBE4 /* Release */,
			);
			defaultConfigurationIsVisible = 0;
			defaultConfigurationName = Release;
		};
/* End XCConfigurationList section */

/* Begin XCRemoteSwiftPackageReference section */
		74F1A7D926BB02760079EBE4 /* XCRemoteSwiftPackageReference "SwiftUIRefresh" */ = {
			isa = XCRemoteSwiftPackageReference;
			repositoryURL = "https://github.com/siteline/SwiftUIRefresh";
			requirement = {
				kind = upToNextMajorVersion;
				minimumVersion = 0.0.3;
			};
		};
/* End XCRemoteSwiftPackageReference section */

/* Begin XCSwiftPackageProductDependency section */
		74F1A7DA26BB02760079EBE4 /* SwiftUIRefresh */ = {
			isa = XCSwiftPackageProductDependency;
			package = 74F1A7D926BB02760079EBE4 /* XCRemoteSwiftPackageReference "SwiftUIRefresh" */;
			productName = SwiftUIRefresh;
		};
/* End XCSwiftPackageProductDependency section */
	};
	rootObject = 74F1A7B326BAF2930079EBE4 /* Project object */;
}
